
Microsoft Visual Studio Solution File, Format Version 12.00
# Visual Studio 15
VisualStudioVersion = 15.0.27703.2035
MinimumVisualStudioVersion = 10.0.40219.1
Project("{FAE04EC0-301F-11D3-BF4B-00C04F79EFBC}") = "BootstrapStyling", "BootstrapStyling\BootstrapStyling.csproj", "{6C73AB24-084E-4DAA-A56F-46D37B627A62}"
EndProject
Global
	GlobalSection(SolutionConfigurationPlatforms) = preSolution
		Debug|Any CPU = Debug|Any CPU
		Release|Any CPU = Release|Any CPU
	EndGlobalSection
	GlobalSection(ProjectConfigurationPlatforms) = postSolution
		{6C73AB24-084E-4DAA-A56F-46D37B627A62}.Debug|Any CPU.ActiveCfg = Debug|Any CPU
		{6C73AB24-084E-4DAA-A56F-46D37B627A62}.Debug|Any CPU.Build.0 = Debug|Any CPU
		{6C73AB24-084E-4DAA-A56F-46D37B627A62}.Release|Any CPU.ActiveCfg = Release|Any CPU
		{6C73AB24-084E-4DAA-A56F-46D37B627A62}.Release|Any CPU.Build.0 = Release|Any CPU
	EndGlobalSection
	GlobalSection(SolutionProperties) = preSolution
		HideSolutionNode = FALSE
	EndGlobalSection
	GlobalSection(ExtensibilityGlobals) = postSolution
		SolutionGuid = {92A97B44-5190-40B2-AAD8-19930AD8B00E}
	EndGlobalSection
EndGlobal
